
Microsoft Visual Studio Solution File, Format Version 12.00
# Visual Studio Version 17
VisualStudioVersion = 17.10.35013.160
MinimumVisualStudioVersion = 10.0.40219.1
Project("{FAE04EC0-301F-11D3-BF4B-00C04F79EFBC}") = "BeautyMap.API", "BeautyMap\BeautyMap.API.csproj", "{06498BC6-9FED-4031-9BFB-43429AB1E7F8}"
EndProject
Project("{2150E333-8FDC-42A3-9474-1A3956D46DE8}") = "common", "common", "{B0BD14BC-6C72-43D6-8D25-2ACA5A10AA2D}"
EndProject
Project("{2150E333-8FDC-42A3-9474-1A3956D46DE8}") = "external", "external", "{FD8F65F7-37F5-4145-A25D-4F97383947B4}"
EndProject
Project("{2150E333-8FDC-42A3-9474-1A3956D46DE8}") = "src", "src", "{DC59C96E-09EC-461A-B23C-D16075AE0D74}"
EndProject
Project("{FAE04EC0-301F-11D3-BF4B-00C04F79EFBC}") = "BeautyMap.Common", "BeautyMap.Common\BeautyMap.Common.csproj", "{A90AF49D-DFC7-4809-887A-4A2D7C4EB63D}"
EndProject
Project("{FAE04EC0-301F-11D3-BF4B-00C04F79EFBC}") = "BeautyMap.Common.ErrorHandler", "BeautyMap.Common.ErrorHandler\BeautyMap.Common.ErrorHandler.csproj", "{1C695565-E193-44BE-9422-D31A01F64B4B}"
EndProject
Project("{FAE04EC0-301F-11D3-BF4B-00C04F79EFBC}") = "BeautyMap.FileManager", "BeautyMap.FileManager\BeautyMap.FileManager.csproj", "{7381A738-B697-40B9-94A4-E8C6D958B97C}"
EndProject
Project("{FAE04EC0-301F-11D3-BF4B-00C04F79EFBC}") = "BeautyMap.NotificationManager", "BeautyMap.NotificationManager\BeautyMap.NotificationManager.csproj", "{F4D169BC-7CFD-4479-80A2-83D390CDC1A8}"
EndProject
Project("{FAE04EC0-301F-11D3-BF4B-00C04F79EFBC}") = "BeautyMap.Payment", "BeautyMap.Payment\BeautyMap.Payment.csproj", "{1ABC7AD9-F8CE-40C4-834E-072C5456DDDB}"
EndProject
Project("{FAE04EC0-301F-11D3-BF4B-00C04F79EFBC}") = "BeautyMap.Application", "BeautyMap.Application\BeautyMap.Application.csproj", "{9F74121A-9837-4D7B-B68A-6B3F9DB92961}"
EndProject
Project("{FAE04EC0-301F-11D3-BF4B-00C04F79EFBC}") = "BeautyMap.Domain", "BeautyMap.Domain\BeautyMap.Domain.csproj", "{2A64B744-6E5E-48BC-A6E6-9AE12B7209BE}"
EndProject
Project("{FAE04EC0-301F-11D3-BF4B-00C04F79EFBC}") = "BeautyMap.Persistance", "BeautyMap.Persistance\BeautyMap.Persistance.csproj", "{A2A3C9A7-C98A-43D7-A321-68C9969AA486}"
EndProject
Global
	GlobalSection(SolutionConfigurationPlatforms) = preSolution
		Debug|Any CPU = Debug|Any CPU
		Release|Any CPU = Release|Any CPU
	EndGlobalSection
	GlobalSection(ProjectConfigurationPlatforms) = postSolution
		{06498BC6-9FED-4031-9BFB-43429AB1E7F8}.Debug|Any CPU.ActiveCfg = Debug|Any CPU
		{06498BC6-9FED-4031-9BFB-43429AB1E7F8}.Debug|Any CPU.Build.0 = Debug|Any CPU
		{06498BC6-9FED-4031-9BFB-43429AB1E7F8}.Release|Any CPU.ActiveCfg = Release|Any CPU
		{06498BC6-9FED-4031-9BFB-43429AB1E7F8}.Release|Any CPU.Build.0 = Release|Any CPU
		{A90AF49D-DFC7-4809-887A-4A2D7C4EB63D}.Debug|Any CPU.ActiveCfg = Debug|Any CPU
		{A90AF49D-DFC7-4809-887A-4A2D7C4EB63D}.Debug|Any CPU.Build.0 = Debug|Any CPU
		{A90AF49D-DFC7-4809-887A-4A2D7C4EB63D}.Release|Any CPU.ActiveCfg = Release|Any CPU
		{A90AF49D-DFC7-4809-887A-4A2D7C4EB63D}.Release|Any CPU.Build.0 = Release|Any CPU
		{1C695565-E193-44BE-9422-D31A01F64B4B}.Debug|Any CPU.ActiveCfg = Debug|Any CPU
		{1C695565-E193-44BE-9422-D31A01F64B4B}.Debug|Any CPU.Build.0 = Debug|Any CPU
		{1C695565-E193-44BE-9422-D31A01F64B4B}.Release|Any CPU.ActiveCfg = Release|Any CPU
		{1C695565-E193-44BE-9422-D31A01F64B4B}.Release|Any CPU.Build.0 = Release|Any CPU
		{7381A738-B697-40B9-94A4-E8C6D958B97C}.Debug|Any CPU.ActiveCfg = Debug|Any CPU
		{7381A738-B697-40B9-94A4-E8C6D958B97C}.Debug|Any CPU.Build.0 = Debug|Any CPU
		{7381A738-B697-40B9-94A4-E8C6D958B97C}.Release|Any CPU.ActiveCfg = Release|Any CPU
		{7381A738-B697-40B9-94A4-E8C6D958B97C}.Release|Any CPU.Build.0 = Release|Any CPU
		{F4D169BC-7CFD-4479-80A2-83D390CDC1A8}.Debug|Any CPU.ActiveCfg = Debug|Any CPU
		{F4D169BC-7CFD-4479-80A2-83D390CDC1A8}.Debug|Any CPU.Build.0 = Debug|Any CPU
		{F4D169BC-7CFD-4479-80A2-83D390CDC1A8}.Release|Any CPU.ActiveCfg = Release|Any CPU
		{F4D169BC-7CFD-4479-80A2-83D390CDC1A8}.Release|Any CPU.Build.0 = Release|Any CPU
		{1ABC7AD9-F8CE-40C4-834E-072C5456DDDB}.Debug|Any CPU.ActiveCfg = Debug|Any CPU
		{1ABC7AD9-F8CE-40C4-834E-072C5456DDDB}.Debug|Any CPU.Build.0 = Debug|Any CPU
		{1ABC7AD9-F8CE-40C4-834E-072C5456DDDB}.Release|Any CPU.ActiveCfg = Release|Any CPU
		{1ABC7AD9-F8CE-40C4-834E-072C5456DDDB}.Release|Any CPU.Build.0 = Release|Any CPU
		{9F74121A-9837-4D7B-B68A-6B3F9DB92961}.Debug|Any CPU.ActiveCfg = Debug|Any CPU
		{9F74121A-9837-4D7B-B68A-6B3F9DB92961}.Debug|Any CPU.Build.0 = Debug|Any CPU
		{9F74121A-9837-4D7B-B68A-6B3F9DB92961}.Release|Any CPU.ActiveCfg = Release|Any CPU
		{9F74121A-9837-4D7B-B68A-6B3F9DB92961}.Release|Any CPU.Build.0 = Release|Any CPU
		{2A64B744-6E5E-48BC-A6E6-9AE12B7209BE}.Debug|Any CPU.ActiveCfg = Debug|Any CPU
		{2A64B744-6E5E-48BC-A6E6-9AE12B7209BE}.Debug|Any CPU.Build.0 = Debug|Any CPU
		{2A64B744-6E5E-48BC-A6E6-9AE12B7209BE}.Release|Any CPU.ActiveCfg = Release|Any CPU
		{2A64B744-6E5E-48BC-A6E6-9AE12B7209BE}.Release|Any CPU.Build.0 = Release|Any CPU
		{A2A3C9A7-C98A-43D7-A321-68C9969AA486}.Debug|Any CPU.ActiveCfg = Debug|Any CPU
		{A2A3C9A7-C98A-43D7-A321-68C9969AA486}.Debug|Any CPU.Build.0 = Debug|Any CPU
		{A2A3C9A7-C98A-43D7-A321-68C9969AA486}.Release|Any CPU.ActiveCfg = Release|Any CPU
		{A2A3C9A7-C98A-43D7-A321-68C9969AA486}.Release|Any CPU.Build.0 = Release|Any CPU
	EndGlobalSection
	GlobalSection(SolutionProperties) = preSolution
		HideSolutionNode = FALSE
	EndGlobalSection
	GlobalSection(NestedProjects) = preSolution
		{06498BC6-9FED-4031-9BFB-43429AB1E7F8} = {DC59C96E-09EC-461A-B23C-D16075AE0D74}
		{A90AF49D-DFC7-4809-887A-4A2D7C4EB63D} = {B0BD14BC-6C72-43D6-8D25-2ACA5A10AA2D}
		{1C695565-E193-44BE-9422-D31A01F64B4B} = {B0BD14BC-6C72-43D6-8D25-2ACA5A10AA2D}
		{7381A738-B697-40B9-94A4-E8C6D958B97C} = {FD8F65F7-37F5-4145-A25D-4F97383947B4}
		{F4D169BC-7CFD-4479-80A2-83D390CDC1A8} = {FD8F65F7-37F5-4145-A25D-4F97383947B4}
		{1ABC7AD9-F8CE-40C4-834E-072C5456DDDB} = {FD8F65F7-37F5-4145-A25D-4F97383947B4}
		{9F74121A-9837-4D7B-B68A-6B3F9DB92961} = {DC59C96E-09EC-461A-B23C-D16075AE0D74}
		{2A64B744-6E5E-48BC-A6E6-9AE12B7209BE} = {DC59C96E-09EC-461A-B23C-D16075AE0D74}
		{A2A3C9A7-C98A-43D7-A321-68C9969AA486} = {DC59C96E-09EC-461A-B23C-D16075AE0D74}
	EndGlobalSection
	GlobalSection(ExtensibilityGlobals) = postSolution
		SolutionGuid = {7699A586-4766-45FF-B0FD-660EA7767225}
	EndGlobalSection
EndGlobal
